
Microsoft Visual Studio Solution File, Format Version 12.00
# Visual Studio Version 17
VisualStudioVersion = 17.0.32112.339
MinimumVisualStudioVersion = 10.0.40219.1
Project("{9A19103F-16F7-4668-BE54-9A1E7A4F7556}") = "Crm.Link.Api", "Crm.Link.Api\Crm.Link.Api.csproj", "{8D9E7A62-3423-4307-A08E-FE90E29EC890}"
EndProject
Project("{9A19103F-16F7-4668-BE54-9A1E7A4F7556}") = "Crm.Link.RabbitMq", "Crm.Link.RabbitMq\Crm.Link.RabbitMq.csproj", "{28B66190-60C9-4DAD-A904-4D50EF547D5B}"
EndProject
Project("{2150E333-8FDC-42A3-9474-1A3956D46DE8}") = "opensslKeys", "opensslKeys", "{19D6D5DF-F913-4C70-B36C-3ABCF5AB7F66}"
	ProjectSection(SolutionItems) = preProject
		private.key = private.key
		public.key = public.key
	EndProjectSection
EndProject
Project("{2150E333-8FDC-42A3-9474-1A3956D46DE8}") = "Solution Items", "Solution Items", "{27851DA8-2DD0-4CFE-BA65-ECF7C947A825}"
	ProjectSection(SolutionItems) = preProject
		.dockerignore = .dockerignore
		..\..\..\Downloads\docker-compose.yaml = ..\..\..\Downloads\docker-compose.yaml
		Crm.Link.Api\Dockerfile = Crm.Link.Api\Dockerfile
		start.yml = start.yml
	EndProjectSection
EndProject
Project("{9A19103F-16F7-4668-BE54-9A1E7A4F7556}") = "Crm.Link.Suitcrm.Tools", "Crm.Link.Suitcrm.Tools\Crm.Link.Suitcrm.Tools.csproj", "{5F8B0855-5AF4-4231-8C77-2622F112D10B}"
EndProject
Project("{FAE04EC0-301F-11D3-BF4B-00C04F79EFBC}") = "Crm.Link.UUID", "Crm.Link.UUID\Crm.Link.UUID.csproj", "{35B1C1F2-6638-4903-A849-47244717E472}"
EndProject
Global
	GlobalSection(SolutionConfigurationPlatforms) = preSolution
		Debug|Any CPU = Debug|Any CPU
		Release|Any CPU = Release|Any CPU
	EndGlobalSection
	GlobalSection(ProjectConfigurationPlatforms) = postSolution
		{8D9E7A62-3423-4307-A08E-FE90E29EC890}.Debug|Any CPU.ActiveCfg = Debug|Any CPU
		{8D9E7A62-3423-4307-A08E-FE90E29EC890}.Debug|Any CPU.Build.0 = Debug|Any CPU
		{8D9E7A62-3423-4307-A08E-FE90E29EC890}.Release|Any CPU.ActiveCfg = Release|Any CPU
		{8D9E7A62-3423-4307-A08E-FE90E29EC890}.Release|Any CPU.Build.0 = Release|Any CPU
		{28B66190-60C9-4DAD-A904-4D50EF547D5B}.Debug|Any CPU.ActiveCfg = Debug|Any CPU
		{28B66190-60C9-4DAD-A904-4D50EF547D5B}.Debug|Any CPU.Build.0 = Debug|Any CPU
		{28B66190-60C9-4DAD-A904-4D50EF547D5B}.Release|Any CPU.ActiveCfg = Release|Any CPU
		{28B66190-60C9-4DAD-A904-4D50EF547D5B}.Release|Any CPU.Build.0 = Release|Any CPU
		{5F8B0855-5AF4-4231-8C77-2622F112D10B}.Debug|Any CPU.ActiveCfg = Debug|Any CPU
		{5F8B0855-5AF4-4231-8C77-2622F112D10B}.Debug|Any CPU.Build.0 = Debug|Any CPU
		{5F8B0855-5AF4-4231-8C77-2622F112D10B}.Release|Any CPU.ActiveCfg = Release|Any CPU
		{5F8B0855-5AF4-4231-8C77-2622F112D10B}.Release|Any CPU.Build.0 = Release|Any CPU
		{35B1C1F2-6638-4903-A849-47244717E472}.Debug|Any CPU.ActiveCfg = Debug|Any CPU
		{35B1C1F2-6638-4903-A849-47244717E472}.Debug|Any CPU.Build.0 = Debug|Any CPU
		{35B1C1F2-6638-4903-A849-47244717E472}.Release|Any CPU.ActiveCfg = Release|Any CPU
		{35B1C1F2-6638-4903-A849-47244717E472}.Release|Any CPU.Build.0 = Release|Any CPU
	EndGlobalSection
	GlobalSection(SolutionProperties) = preSolution
		HideSolutionNode = FALSE
	EndGlobalSection
	GlobalSection(ExtensibilityGlobals) = postSolution
		SolutionGuid = {795B2C22-F9E0-420F-B048-625C23F6AAAE}
	EndGlobalSection
EndGlobal
